
Microsoft Visual Studio Solution File, Format Version 12.00
# Visual Studio Version 16
VisualStudioVersion = 16.0.29519.181
MinimumVisualStudioVersion = 10.0.40219.1
Project("{FAE04EC0-301F-11D3-BF4B-00C04F79EFBC}") = "Bluprintr", "Bluprintr.csproj", "{CEBD5906-418A-42F4-8700-999AE64381B1}"
EndProject
Global
	GlobalSection(SolutionConfigurationPlatforms) = preSolution
		Debug|Any CPU = Debug|Any CPU
		Release|Any CPU = Release|Any CPU
	EndGlobalSection
	GlobalSection(ProjectConfigurationPlatforms) = postSolution
		{CEBD5906-418A-42F4-8700-999AE64381B1}.Debug|Any CPU.ActiveCfg = Debug|Any CPU
		{CEBD5906-418A-42F4-8700-999AE64381B1}.Debug|Any CPU.Build.0 = Debug|Any CPU
		{CEBD5906-418A-42F4-8700-999AE64381B1}.Release|Any CPU.ActiveCfg = Release|Any CPU
		{CEBD5906-418A-42F4-8700-999AE64381B1}.Release|Any CPU.Build.0 = Release|Any CPU
	EndGlobalSection
	GlobalSection(SolutionProperties) = preSolution
		HideSolutionNode = FALSE
	EndGlobalSection
	GlobalSection(ExtensibilityGlobals) = postSolution
		SolutionGuid = {97955428-66BF-4C3A-AC8F-840A71BA8095}
	EndGlobalSection
EndGlobal
